
Microsoft Visual Studio Solution File, Format Version 12.00
# Visual Studio 15
VisualStudioVersion = 15.0.28307.645
MinimumVisualStudioVersion = 10.0.40219.1
Project("{FAE04EC0-301F-11D3-BF4B-00C04F79EFBC}") = "Wpf", "Wpf\Wpf.csproj", "{DE6A8AAA-6B34-4F83-B4FE-6CF57EF521F3}"
EndProject
Project("{FAE04EC0-301F-11D3-BF4B-00C04F79EFBC}") = "WebApi", "WebApi\WebApi.csproj", "{3E2A6797-E257-4CC3-8EEB-13B5A0FDF016}"
EndProject
Global
	GlobalSection(SolutionConfigurationPlatforms) = preSolution
		Debug|Any CPU = Debug|Any CPU
		Release|Any CPU = Release|Any CPU
	EndGlobalSection
	GlobalSection(ProjectConfigurationPlatforms) = postSolution
		{DE6A8AAA-6B34-4F83-B4FE-6CF57EF521F3}.Debug|Any CPU.ActiveCfg = Debug|Any CPU
		{DE6A8AAA-6B34-4F83-B4FE-6CF57EF521F3}.Debug|Any CPU.Build.0 = Debug|Any CPU
		{DE6A8AAA-6B34-4F83-B4FE-6CF57EF521F3}.Release|Any CPU.ActiveCfg = Release|Any CPU
		{DE6A8AAA-6B34-4F83-B4FE-6CF57EF521F3}.Release|Any CPU.Build.0 = Release|Any CPU
		{3E2A6797-E257-4CC3-8EEB-13B5A0FDF016}.Debug|Any CPU.ActiveCfg = Debug|Any CPU
		{3E2A6797-E257-4CC3-8EEB-13B5A0FDF016}.Debug|Any CPU.Build.0 = Debug|Any CPU
		{3E2A6797-E257-4CC3-8EEB-13B5A0FDF016}.Release|Any CPU.ActiveCfg = Release|Any CPU
		{3E2A6797-E257-4CC3-8EEB-13B5A0FDF016}.Release|Any CPU.Build.0 = Release|Any CPU
	EndGlobalSection
	GlobalSection(SolutionProperties) = preSolution
		HideSolutionNode = FALSE
	EndGlobalSection
	GlobalSection(ExtensibilityGlobals) = postSolution
		SolutionGuid = {D22E071C-7C29-423B-9C9F-DE53052B632E}
	EndGlobalSection
EndGlobal
